
Microsoft Visual Studio Solution File, Format Version 12.00
# Visual Studio Version 17
VisualStudioVersion = 17.13.35806.99 d17.13
MinimumVisualStudioVersion = 10.0.40219.1
Project("{FAE04EC0-301F-11D3-BF4B-00C04F79EFBC}") = "E-Raport_SMA", "E-Raport_SMA.csproj", "{5AE39FB2-BE95-4984-880D-36CC308D0388}"
EndProject
Global
	GlobalSection(SolutionConfigurationPlatforms) = preSolution
		Debug|Any CPU = Debug|Any CPU
		Release|Any CPU = Release|Any CPU
	EndGlobalSection
	GlobalSection(ProjectConfigurationPlatforms) = postSolution
		{5AE39FB2-BE95-4984-880D-36CC308D0388}.Debug|Any CPU.ActiveCfg = Debug|Any CPU
		{5AE39FB2-BE95-4984-880D-36CC308D0388}.Debug|Any CPU.Build.0 = Debug|Any CPU
		{5AE39FB2-BE95-4984-880D-36CC308D0388}.Release|Any CPU.ActiveCfg = Release|Any CPU
		{5AE39FB2-BE95-4984-880D-36CC308D0388}.Release|Any CPU.Build.0 = Release|Any CPU
	EndGlobalSection
	GlobalSection(SolutionProperties) = preSolution
		HideSolutionNode = FALSE
	EndGlobalSection
	GlobalSection(ExtensibilityGlobals) = postSolution
		SolutionGuid = {8F73CC6C-F4A0-4D70-9C10-0B21FF9252CD}
	EndGlobalSection
EndGlobal
